// !$*UTF8*$!
{
	archiveVersion = 1;
	classes = {
	};
	objectVersion = 51;
	objects = {

/* Begin PBXBuildFile section */
		1B0CB0DB231C1E0C0037E750 /* HomeViewController.swift in Sources */ = {isa = PBXBuildFile; fileRef = 1B0CB0DA231C1E0C0037E750 /* HomeViewController.swift */; };
		1B0CB0E0231D20BB0037E750 /* HomeBookingStadiumViewController.swift in Sources */ = {isa = PBXBuildFile; fileRef = 1B0CB0DF231D20BB0037E750 /* HomeBookingStadiumViewController.swift */; };
		1B0CB0E2231D21300037E750 /* HomeBookingStadiumTableViewCell.swift in Sources */ = {isa = PBXBuildFile; fileRef = 1B0CB0E1231D21300037E750 /* HomeBookingStadiumTableViewCell.swift */; };
		1B0CB0E4231D2BFC0037E750 /* ListBookingViewController.swift in Sources */ = {isa = PBXBuildFile; fileRef = 1B0CB0E3231D2BFC0037E750 /* ListBookingViewController.swift */; };
		1B2C3A36231FADEF00D6181F /* FilterBookingViewController.swift in Sources */ = {isa = PBXBuildFile; fileRef = 1B2C3A35231FADEF00D6181F /* FilterBookingViewController.swift */; };
		1B2C3A38231FB56C00D6181F /* FilterBookingCollectionViewCell.swift in Sources */ = {isa = PBXBuildFile; fileRef = 1B2C3A37231FB56C00D6181F /* FilterBookingCollectionViewCell.swift */; };
		1B2C3A3A231FCA3800D6181F /* DatePickerViewController.swift in Sources */ = {isa = PBXBuildFile; fileRef = 1B2C3A39231FCA3800D6181F /* DatePickerViewController.swift */; };
		1B4481B9231D58F700726AEC /* SearchBookingViewController.swift in Sources */ = {isa = PBXBuildFile; fileRef = 1B4481B8231D58F700726AEC /* SearchBookingViewController.swift */; };
		1B4481BC231D5E9300726AEC /* SearchBookingTableViewCell.swift in Sources */ = {isa = PBXBuildFile; fileRef = 1B4481BB231D5E9300726AEC /* SearchBookingTableViewCell.swift */; };
		1BCE305423182D380033B74F /* SignInViewController.swift in Sources */ = {isa = PBXBuildFile; fileRef = 1BCE305323182D380033B74F /* SignInViewController.swift */; };
		1BCE3057231834610033B74F /* ExtensionViews.swift in Sources */ = {isa = PBXBuildFile; fileRef = 1BCE3056231834610033B74F /* ExtensionViews.swift */; };
		1BEA52392320541500043C94 /* BookingStadiumViewController.swift in Sources */ = {isa = PBXBuildFile; fileRef = 1BEA52382320541500043C94 /* BookingStadiumViewController.swift */; };
		1BEA523C232056B400043C94 /* TimeBookingCollectionViewCell.swift in Sources */ = {isa = PBXBuildFile; fileRef = 1BEA523B232056B400043C94 /* TimeBookingCollectionViewCell.swift */; };
		1BEA523E232056C100043C94 /* TeamBookingCollectionViewCell.swift in Sources */ = {isa = PBXBuildFile; fileRef = 1BEA523D232056C100043C94 /* TeamBookingCollectionViewCell.swift */; };
		4613C5812DEBBFF070C590C1 /* Pods_Fbooking.framework in Frameworks */ = {isa = PBXBuildFile; fileRef = 328B348E8CF057310B2D6EB6 /* Pods_Fbooking.framework */; };
		50F4E969230F97D50055D95D /* AppDelegate.swift in Sources */ = {isa = PBXBuildFile; fileRef = 50F4E968230F97D50055D95D /* AppDelegate.swift */; };
		50F4E96B230F97D50055D95D /* ViewController.swift in Sources */ = {isa = PBXBuildFile; fileRef = 50F4E96A230F97D50055D95D /* ViewController.swift */; };
		50F4E96E230F97D50055D95D /* Main.storyboard in Resources */ = {isa = PBXBuildFile; fileRef = 50F4E96C230F97D50055D95D /* Main.storyboard */; };
		50F4E970230F97D50055D95D /* Assets.xcassets in Resources */ = {isa = PBXBuildFile; fileRef = 50F4E96F230F97D50055D95D /* Assets.xcassets */; };
		50F4E973230F97D50055D95D /* LaunchScreen.storyboard in Resources */ = {isa = PBXBuildFile; fileRef = 50F4E971230F97D50055D95D /* LaunchScreen.storyboard */; };
/* End PBXBuildFile section */

/* Begin PBXFileReference section */
		1B0CB0DA231C1E0C0037E750 /* HomeViewController.swift */ = {isa = PBXFileReference; lastKnownFileType = sourcecode.swift; path = HomeViewController.swift; sourceTree = "<group>"; };
		1B0CB0DF231D20BB0037E750 /* HomeBookingStadiumViewController.swift */ = {isa = PBXFileReference; lastKnownFileType = sourcecode.swift; path = HomeBookingStadiumViewController.swift; sourceTree = "<group>"; };
		1B0CB0E1231D21300037E750 /* HomeBookingStadiumTableViewCell.swift */ = {isa = PBXFileReference; lastKnownFileType = sourcecode.swift; path = HomeBookingStadiumTableViewCell.swift; sourceTree = "<group>"; };
		1B0CB0E3231D2BFC0037E750 /* ListBookingViewController.swift */ = {isa = PBXFileReference; lastKnownFileType = sourcecode.swift; path = ListBookingViewController.swift; sourceTree = "<group>"; };
		1B2C3A35231FADEF00D6181F /* FilterBookingViewController.swift */ = {isa = PBXFileReference; lastKnownFileType = sourcecode.swift; path = FilterBookingViewController.swift; sourceTree = "<group>"; };
		1B2C3A37231FB56C00D6181F /* FilterBookingCollectionViewCell.swift */ = {isa = PBXFileReference; lastKnownFileType = sourcecode.swift; path = FilterBookingCollectionViewCell.swift; sourceTree = "<group>"; };
		1B2C3A39231FCA3800D6181F /* DatePickerViewController.swift */ = {isa = PBXFileReference; lastKnownFileType = sourcecode.swift; path = DatePickerViewController.swift; sourceTree = "<group>"; };
		1B4481B8231D58F700726AEC /* SearchBookingViewController.swift */ = {isa = PBXFileReference; lastKnownFileType = sourcecode.swift; path = SearchBookingViewController.swift; sourceTree = "<group>"; };
		1B4481BB231D5E9300726AEC /* SearchBookingTableViewCell.swift */ = {isa = PBXFileReference; lastKnownFileType = sourcecode.swift; path = SearchBookingTableViewCell.swift; sourceTree = "<group>"; };
		1BCE305323182D380033B74F /* SignInViewController.swift */ = {isa = PBXFileReference; lastKnownFileType = sourcecode.swift; path = SignInViewController.swift; sourceTree = "<group>"; };
		1BCE3056231834610033B74F /* ExtensionViews.swift */ = {isa = PBXFileReference; lastKnownFileType = sourcecode.swift; path = ExtensionViews.swift; sourceTree = "<group>"; };
		1BEA52382320541500043C94 /* BookingStadiumViewController.swift */ = {isa = PBXFileReference; lastKnownFileType = sourcecode.swift; path = BookingStadiumViewController.swift; sourceTree = "<group>"; };
		1BEA523B232056B400043C94 /* TimeBookingCollectionViewCell.swift */ = {isa = PBXFileReference; lastKnownFileType = sourcecode.swift; path = TimeBookingCollectionViewCell.swift; sourceTree = "<group>"; };
		1BEA523D232056C100043C94 /* TeamBookingCollectionViewCell.swift */ = {isa = PBXFileReference; lastKnownFileType = sourcecode.swift; path = TeamBookingCollectionViewCell.swift; sourceTree = "<group>"; };
		25F179E5AC34A6B096116EDD /* Pods-Fbooking.release.xcconfig */ = {isa = PBXFileReference; includeInIndex = 1; lastKnownFileType = text.xcconfig; name = "Pods-Fbooking.release.xcconfig"; path = "Target Support Files/Pods-Fbooking/Pods-Fbooking.release.xcconfig"; sourceTree = "<group>"; };
		328B348E8CF057310B2D6EB6 /* Pods_Fbooking.framework */ = {isa = PBXFileReference; explicitFileType = wrapper.framework; includeInIndex = 0; path = Pods_Fbooking.framework; sourceTree = BUILT_PRODUCTS_DIR; };
		50F4E965230F97D50055D95D /* Fbooking.app */ = {isa = PBXFileReference; explicitFileType = wrapper.application; includeInIndex = 0; path = Fbooking.app; sourceTree = BUILT_PRODUCTS_DIR; };
		50F4E968230F97D50055D95D /* AppDelegate.swift */ = {isa = PBXFileReference; lastKnownFileType = sourcecode.swift; path = AppDelegate.swift; sourceTree = "<group>"; };
		50F4E96A230F97D50055D95D /* ViewController.swift */ = {isa = PBXFileReference; lastKnownFileType = sourcecode.swift; path = ViewController.swift; sourceTree = "<group>"; };
		50F4E96D230F97D50055D95D /* Base */ = {isa = PBXFileReference; lastKnownFileType = file.storyboard; name = Base; path = Base.lproj/Main.storyboard; sourceTree = "<group>"; };
		50F4E96F230F97D50055D95D /* Assets.xcassets */ = {isa = PBXFileReference; lastKnownFileType = folder.assetcatalog; path = Assets.xcassets; sourceTree = "<group>"; };
		50F4E972230F97D50055D95D /* Base */ = {isa = PBXFileReference; lastKnownFileType = file.storyboard; name = Base; path = Base.lproj/LaunchScreen.storyboard; sourceTree = "<group>"; };
		50F4E974230F97D50055D95D /* Info.plist */ = {isa = PBXFileReference; lastKnownFileType = text.plist.xml; path = Info.plist; sourceTree = "<group>"; };
		F941D340BCDF882F23F3E0BF /* Pods-Fbooking.debug.xcconfig */ = {isa = PBXFileReference; includeInIndex = 1; lastKnownFileType = text.xcconfig; name = "Pods-Fbooking.debug.xcconfig"; path = "Target Support Files/Pods-Fbooking/Pods-Fbooking.debug.xcconfig"; sourceTree = "<group>"; };
/* End PBXFileReference section */

/* Begin PBXFrameworksBuildPhase section */
		50F4E962230F97D50055D95D /* Frameworks */ = {
			isa = PBXFrameworksBuildPhase;
			buildActionMask = 2147483647;
			files = (
				4613C5812DEBBFF070C590C1 /* Pods_Fbooking.framework in Frameworks */,
			);
			runOnlyForDeploymentPostprocessing = 0;
		};
/* End PBXFrameworksBuildPhase section */

/* Begin PBXGroup section */
		0FC5A0935D2564A1A56F1078 /* Frameworks */ = {
			isa = PBXGroup;
			children = (
				328B348E8CF057310B2D6EB6 /* Pods_Fbooking.framework */,
			);
			name = Frameworks;
			sourceTree = "<group>";
		};
		1B0CB0D7231C1DD10037E750 /* Home */ = {
			isa = PBXGroup;
			children = (
				1B0CB0E3231D2BFC0037E750 /* ListBookingViewController.swift */,
				1B0CB0E1231D21300037E750 /* HomeBookingStadiumTableViewCell.swift */,
				1B0CB0DF231D20BB0037E750 /* HomeBookingStadiumViewController.swift */,
				1B0CB0DA231C1E0C0037E750 /* HomeViewController.swift */,
			);
			path = Home;
			sourceTree = "<group>";
		};
		1B0CB0DC231D1F250037E750 /* Booking */ = {
			isa = PBXGroup;
			children = (
				1BEA52382320541500043C94 /* BookingStadiumViewController.swift */,
				1BEA523B232056B400043C94 /* TimeBookingCollectionViewCell.swift */,
				1BEA523D232056C100043C94 /* TeamBookingCollectionViewCell.swift */,
			);
			path = Booking;
			sourceTree = "<group>";
		};
		1B2C3A34231FADC900D6181F /* Filter */ = {
			isa = PBXGroup;
			children = (
				1B2C3A35231FADEF00D6181F /* FilterBookingViewController.swift */,
				1B2C3A37231FB56C00D6181F /* FilterBookingCollectionViewCell.swift */,
				1B2C3A39231FCA3800D6181F /* DatePickerViewController.swift */,
			);
			path = Filter;
			sourceTree = "<group>";
		};
		1B4481BA231D5E3300726AEC /* Search */ = {
			isa = PBXGroup;
			children = (
				1B4481B8231D58F700726AEC /* SearchBookingViewController.swift */,
				1B4481BB231D5E9300726AEC /* SearchBookingTableViewCell.swift */,
			);
			path = Search;
			sourceTree = "<group>";
		};
		1BCE305223182CC00033B74F /* SignIn */ = {
			isa = PBXGroup;
			children = (
				1BCE305323182D380033B74F /* SignInViewController.swift */,
			);
			path = SignIn;
			sourceTree = "<group>";
		};
		1BCE3055231834310033B74F /* Utils */ = {
			isa = PBXGroup;
			children = (
				1BCE3056231834610033B74F /* ExtensionViews.swift */,
			);
			path = Utils;
			sourceTree = "<group>";
		};
		505CAE302329E9DB004DB563 /* ViewControllers */ = {
			isa = PBXGroup;
			children = (
				1B2C3A34231FADC900D6181F /* Filter */,
				1B4481BA231D5E3300726AEC /* Search */,
				1B0CB0DC231D1F250037E750 /* Booking */,
				1B0CB0D7231C1DD10037E750 /* Home */,
				1BCE3055231834310033B74F /* Utils */,
				1BCE305223182CC00033B74F /* SignIn */,
			);
			path = ViewControllers;
			sourceTree = "<group>";
		};
		50F4E95C230F97D50055D95D = {
			isa = PBXGroup;
			children = (
				50F4E967230F97D50055D95D /* Fbooking */,
				50F4E966230F97D50055D95D /* Products */,
				95335C8EE43FE1742B473D91 /* Pods */,
				0FC5A0935D2564A1A56F1078 /* Frameworks */,
			);
			sourceTree = "<group>";
		};
		50F4E966230F97D50055D95D /* Products */ = {
			isa = PBXGroup;
			children = (
				50F4E965230F97D50055D95D /* Fbooking.app */,
			);
			name = Products;
			sourceTree = "<group>";
		};
		50F4E967230F97D50055D95D /* Fbooking */ = {
			isa = PBXGroup;
			children = (
				505CAE302329E9DB004DB563 /* ViewControllers */,
				50F4E968230F97D50055D95D /* AppDelegate.swift */,
				50F4E96A230F97D50055D95D /* ViewController.swift */,
				50F4E96C230F97D50055D95D /* Main.storyboard */,
				50F4E96F230F97D50055D95D /* Assets.xcassets */,
				50F4E971230F97D50055D95D /* LaunchScreen.storyboard */,
				50F4E974230F97D50055D95D /* Info.plist */,
			);
			path = Fbooking;
			sourceTree = "<group>";
		};
		95335C8EE43FE1742B473D91 /* Pods */ = {
			isa = PBXGroup;
			children = (
				F941D340BCDF882F23F3E0BF /* Pods-Fbooking.debug.xcconfig */,
				25F179E5AC34A6B096116EDD /* Pods-Fbooking.release.xcconfig */,
			);
			path = Pods;
			sourceTree = "<group>";
		};
/* End PBXGroup section */

/* Begin PBXNativeTarget section */
		50F4E964230F97D50055D95D /* Fbooking */ = {
			isa = PBXNativeTarget;
			buildConfigurationList = 50F4E977230F97D50055D95D /* Build configuration list for PBXNativeTarget "Fbooking" */;
			buildPhases = (
				F0988E5554955FEBC2807A52 /* [CP] Check Pods Manifest.lock */,
				50F4E961230F97D50055D95D /* Sources */,
				50F4E962230F97D50055D95D /* Frameworks */,
				50F4E963230F97D50055D95D /* Resources */,
				A05EB90C809BD7DE46E9F706 /* [CP] Embed Pods Frameworks */,
				2420B03FB1C92462B0EA7957 /* [CP] Copy Pods Resources */,
			);
			buildRules = (
			);
			dependencies = (
			);
			name = Fbooking;
			productName = Fbooking;
			productReference = 50F4E965230F97D50055D95D /* Fbooking.app */;
			productType = "com.apple.product-type.application";
		};
/* End PBXNativeTarget section */

/* Begin PBXProject section */
		50F4E95D230F97D50055D95D /* Project object */ = {
			isa = PBXProject;
			attributes = {
				LastSwiftUpdateCheck = 1030;
				LastUpgradeCheck = 1030;
				ORGANIZATIONNAME = "Tuan Vu";
				TargetAttributes = {
					50F4E964230F97D50055D95D = {
						CreatedOnToolsVersion = 10.3;
					};
				};
			};
			buildConfigurationList = 50F4E960230F97D50055D95D /* Build configuration list for PBXProject "Fbooking" */;
			compatibilityVersion = "Xcode 9.3";
			developmentRegion = en;
			hasScannedForEncodings = 0;
			knownRegions = (
				en,
				Base,
			);
			mainGroup = 50F4E95C230F97D50055D95D;
			productRefGroup = 50F4E966230F97D50055D95D /* Products */;
			projectDirPath = "";
			projectRoot = "";
			targets = (
				50F4E964230F97D50055D95D /* Fbooking */,
			);
		};
/* End PBXProject section */

/* Begin PBXResourcesBuildPhase section */
		50F4E963230F97D50055D95D /* Resources */ = {
			isa = PBXResourcesBuildPhase;
			buildActionMask = 2147483647;
			files = (
				50F4E973230F97D50055D95D /* LaunchScreen.storyboard in Resources */,
				50F4E970230F97D50055D95D /* Assets.xcassets in Resources */,
				50F4E96E230F97D50055D95D /* Main.storyboard in Resources */,
			);
			runOnlyForDeploymentPostprocessing = 0;
		};
/* End PBXResourcesBuildPhase section */

/* Begin PBXShellScriptBuildPhase section */
		2420B03FB1C92462B0EA7957 /* [CP] Copy Pods Resources */ = {
			isa = PBXShellScriptBuildPhase;
			buildActionMask = 2147483647;
			files = (
			);
			inputFileListPaths = (
				"${PODS_ROOT}/Target Support Files/Pods-Fbooking/Pods-Fbooking-resources-${CONFIGURATION}-input-files.xcfilelist",
			);
			name = "[CP] Copy Pods Resources";
			outputFileListPaths = (
				"${PODS_ROOT}/Target Support Files/Pods-Fbooking/Pods-Fbooking-resources-${CONFIGURATION}-output-files.xcfilelist",
			);
			runOnlyForDeploymentPostprocessing = 0;
			shellPath = /bin/sh;
			shellScript = "\"${PODS_ROOT}/Target Support Files/Pods-Fbooking/Pods-Fbooking-resources.sh\"\n";
			showEnvVarsInLog = 0;
		};
		A05EB90C809BD7DE46E9F706 /* [CP] Embed Pods Frameworks */ = {
			isa = PBXShellScriptBuildPhase;
			buildActionMask = 2147483647;
			files = (
			);
			inputFileListPaths = (
				"${PODS_ROOT}/Target Support Files/Pods-Fbooking/Pods-Fbooking-frameworks-${CONFIGURATION}-input-files.xcfilelist",
			);
			name = "[CP] Embed Pods Frameworks";
			outputFileListPaths = (
				"${PODS_ROOT}/Target Support Files/Pods-Fbooking/Pods-Fbooking-frameworks-${CONFIGURATION}-output-files.xcfilelist",
			);
			runOnlyForDeploymentPostprocessing = 0;
			shellPath = /bin/sh;
			shellScript = "\"${PODS_ROOT}/Target Support Files/Pods-Fbooking/Pods-Fbooking-frameworks.sh\"\n";
			showEnvVarsInLog = 0;
		};
		F0988E5554955FEBC2807A52 /* [CP] Check Pods Manifest.lock */ = {
			isa = PBXShellScriptBuildPhase;
			buildActionMask = 2147483647;
			files = (
			);
			inputFileListPaths = (
			);
			inputPaths = (
				"${PODS_PODFILE_DIR_PATH}/Podfile.lock",
				"${PODS_ROOT}/Manifest.lock",
			);
			name = "[CP] Check Pods Manifest.lock";
			outputFileListPaths = (
			);
			outputPaths = (
				"$(DERIVED_FILE_DIR)/Pods-Fbooking-checkManifestLockResult.txt",
			);
			runOnlyForDeploymentPostprocessing = 0;
			shellPath = /bin/sh;
			shellScript = "diff \"${PODS_PODFILE_DIR_PATH}/Podfile.lock\" \"${PODS_ROOT}/Manifest.lock\" > /dev/null\nif [ $? != 0 ] ; then\n    # print error to STDERR\n    echo \"error: The sandbox is not in sync with the Podfile.lock. Run 'pod install' or update your CocoaPods installation.\" >&2\n    exit 1\nfi\n# This output is used by Xcode 'outputs' to avoid re-running this script phase.\necho \"SUCCESS\" > \"${SCRIPT_OUTPUT_FILE_0}\"\n";
			showEnvVarsInLog = 0;
		};
/* End PBXShellScriptBuildPhase section */

/* Begin PBXSourcesBuildPhase section */
		50F4E961230F97D50055D95D /* Sources */ = {
			isa = PBXSourcesBuildPhase;
			buildActionMask = 2147483647;
			files = (
				1BEA52392320541500043C94 /* BookingStadiumViewController.swift in Sources */,
				1B0CB0DB231C1E0C0037E750 /* HomeViewController.swift in Sources */,
				1B2C3A3A231FCA3800D6181F /* DatePickerViewController.swift in Sources */,
				1B2C3A36231FADEF00D6181F /* FilterBookingViewController.swift in Sources */,
				50F4E96B230F97D50055D95D /* ViewController.swift in Sources */,
				1B0CB0E0231D20BB0037E750 /* HomeBookingStadiumViewController.swift in Sources */,
				50F4E969230F97D50055D95D /* AppDelegate.swift in Sources */,
				1BCE3057231834610033B74F /* ExtensionViews.swift in Sources */,
				1B4481B9231D58F700726AEC /* SearchBookingViewController.swift in Sources */,
				1B4481BC231D5E9300726AEC /* SearchBookingTableViewCell.swift in Sources */,
				1B0CB0E2231D21300037E750 /* HomeBookingStadiumTableViewCell.swift in Sources */,
				1B0CB0E4231D2BFC0037E750 /* ListBookingViewController.swift in Sources */,
				1B2C3A38231FB56C00D6181F /* FilterBookingCollectionViewCell.swift in Sources */,
				1BEA523E232056C100043C94 /* TeamBookingCollectionViewCell.swift in Sources */,
				1BCE305423182D380033B74F /* SignInViewController.swift in Sources */,
				1BEA523C232056B400043C94 /* TimeBookingCollectionViewCell.swift in Sources */,
			);
			runOnlyForDeploymentPostprocessing = 0;
		};
/* End PBXSourcesBuildPhase section */

/* Begin PBXVariantGroup section */
		50F4E96C230F97D50055D95D /* Main.storyboard */ = {
			isa = PBXVariantGroup;
			children = (
				50F4E96D230F97D50055D95D /* Base */,
			);
			name = Main.storyboard;
			sourceTree = "<group>";
		};
		50F4E971230F97D50055D95D /* LaunchScreen.storyboard */ = {
			isa = PBXVariantGroup;
			children = (
				50F4E972230F97D50055D95D /* Base */,
			);
			name = LaunchScreen.storyboard;
			sourceTree = "<group>";
		};
/* End PBXVariantGroup section */

/* Begin XCBuildConfiguration section */
		50F4E975230F97D50055D95D /* Debug */ = {
			isa = XCBuildConfiguration;
			buildSettings = {
				ALWAYS_SEARCH_USER_PATHS = NO;
				CLANG_ANALYZER_NONNULL = YES;
				CLANG_ANALYZER_NUMBER_OBJECT_CONVERSION = YES_AGGRESSIVE;
				CLANG_CXX_LANGUAGE_STANDARD = "gnu++14";
				CLANG_CXX_LIBRARY = "libc++";
				CLANG_ENABLE_MODULES = YES;
				CLANG_ENABLE_OBJC_ARC = YES;
				CLANG_ENABLE_OBJC_WEAK = YES;
				CLANG_WARN_BLOCK_CAPTURE_AUTORELEASING = YES;
				CLANG_WARN_BOOL_CONVERSION = YES;
				CLANG_WARN_COMMA = YES;
				CLANG_WARN_CONSTANT_CONVERSION = YES;
				CLANG_WARN_DEPRECATED_OBJC_IMPLEMENTATIONS = YES;
				CLANG_WARN_DIRECT_OBJC_ISA_USAGE = YES_ERROR;
				CLANG_WARN_DOCUMENTATION_COMMENTS = YES;
				CLANG_WARN_EMPTY_BODY = YES;
				CLANG_WARN_ENUM_CONVERSION = YES;
				CLANG_WARN_INFINITE_RECURSION = YES;
				CLANG_WARN_INT_CONVERSION = YES;
				CLANG_WARN_NON_LITERAL_NULL_CONVERSION = YES;
				CLANG_WARN_OBJC_IMPLICIT_RETAIN_SELF = YES;
				CLANG_WARN_OBJC_LITERAL_CONVERSION = YES;
				CLANG_WARN_OBJC_ROOT_CLASS = YES_ERROR;
				CLANG_WARN_RANGE_LOOP_ANALYSIS = YES;
				CLANG_WARN_STRICT_PROTOTYPES = YES;
				CLANG_WARN_SUSPICIOUS_MOVE = YES;
				CLANG_WARN_UNGUARDED_AVAILABILITY = YES_AGGRESSIVE;
				CLANG_WARN_UNREACHABLE_CODE = YES;
				CLANG_WARN__DUPLICATE_METHOD_MATCH = YES;
				CODE_SIGN_IDENTITY = "iPhone Developer";
				COPY_PHASE_STRIP = NO;
				DEBUG_INFORMATION_FORMAT = dwarf;
				ENABLE_STRICT_OBJC_MSGSEND = YES;
				ENABLE_TESTABILITY = YES;
				GCC_C_LANGUAGE_STANDARD = gnu11;
				GCC_DYNAMIC_NO_PIC = NO;
				GCC_NO_COMMON_BLOCKS = YES;
				GCC_OPTIMIZATION_LEVEL = 0;
				GCC_PREPROCESSOR_DEFINITIONS = (
					"DEBUG=1",
					"$(inherited)",
				);
				GCC_WARN_64_TO_32_BIT_CONVERSION = YES;
				GCC_WARN_ABOUT_RETURN_TYPE = YES_ERROR;
				GCC_WARN_UNDECLARED_SELECTOR = YES;
				GCC_WARN_UNINITIALIZED_AUTOS = YES_AGGRESSIVE;
				GCC_WARN_UNUSED_FUNCTION = YES;
				GCC_WARN_UNUSED_VARIABLE = YES;
				IPHONEOS_DEPLOYMENT_TARGET = 9.0;
				MTL_ENABLE_DEBUG_INFO = INCLUDE_SOURCE;
				MTL_FAST_MATH = YES;
				ONLY_ACTIVE_ARCH = YES;
				SDKROOT = iphoneos;
				SWIFT_ACTIVE_COMPILATION_CONDITIONS = DEBUG;
				SWIFT_OPTIMIZATION_LEVEL = "-Onone";
			};
			name = Debug;
		};
		50F4E976230F97D50055D95D /* Release */ = {
			isa = XCBuildConfiguration;
			buildSettings = {
				ALWAYS_SEARCH_USER_PATHS = NO;
				CLANG_ANALYZER_NONNULL = YES;
				CLANG_ANALYZER_NUMBER_OBJECT_CONVERSION = YES_AGGRESSIVE;
				CLANG_CXX_LANGUAGE_STANDARD = "gnu++14";
				CLANG_CXX_LIBRARY = "libc++";
				CLANG_ENABLE_MODULES = YES;
				CLANG_ENABLE_OBJC_ARC = YES;
				CLANG_ENABLE_OBJC_WEAK = YES;
				CLANG_WARN_BLOCK_CAPTURE_AUTORELEASING = YES;
				CLANG_WARN_BOOL_CONVERSION = YES;
				CLANG_WARN_COMMA = YES;
				CLANG_WARN_CONSTANT_CONVERSION = YES;
				CLANG_WARN_DEPRECATED_OBJC_IMPLEMENTATIONS = YES;
				CLANG_WARN_DIRECT_OBJC_ISA_USAGE = YES_ERROR;
				CLANG_WARN_DOCUMENTATION_COMMENTS = YES;
				CLANG_WARN_EMPTY_BODY = YES;
				CLANG_WARN_ENUM_CONVERSION = YES;
				CLANG_WARN_INFINITE_RECURSION = YES;
				CLANG_WARN_INT_CONVERSION = YES;
				CLANG_WARN_NON_LITERAL_NULL_CONVERSION = YES;
				CLANG_WARN_OBJC_IMPLICIT_RETAIN_SELF = YES;
				CLANG_WARN_OBJC_LITERAL_CONVERSION = YES;
				CLANG_WARN_OBJC_ROOT_CLASS = YES_ERROR;
				CLANG_WARN_RANGE_LOOP_ANALYSIS = YES;
				CLANG_WARN_STRICT_PROTOTYPES = YES;
				CLANG_WARN_SUSPICIOUS_MOVE = YES;
				CLANG_WARN_UNGUARDED_AVAILABILITY = YES_AGGRESSIVE;
				CLANG_WARN_UNREACHABLE_CODE = YES;
				CLANG_WARN__DUPLICATE_METHOD_MATCH = YES;
				CODE_SIGN_IDENTITY = "iPhone Developer";
				COPY_PHASE_STRIP = NO;
				DEBUG_INFORMATION_FORMAT = "dwarf-with-dsym";
				ENABLE_NS_ASSERTIONS = NO;
				ENABLE_STRICT_OBJC_MSGSEND = YES;
				GCC_C_LANGUAGE_STANDARD = gnu11;
				GCC_NO_COMMON_BLOCKS = YES;
				GCC_WARN_64_TO_32_BIT_CONVERSION = YES;
				GCC_WARN_ABOUT_RETURN_TYPE = YES_ERROR;
				GCC_WARN_UNDECLARED_SELECTOR = YES;
				GCC_WARN_UNINITIALIZED_AUTOS = YES_AGGRESSIVE;
				GCC_WARN_UNUSED_FUNCTION = YES;
				GCC_WARN_UNUSED_VARIABLE = YES;
				IPHONEOS_DEPLOYMENT_TARGET = 9.0;
				MTL_ENABLE_DEBUG_INFO = NO;
				MTL_FAST_MATH = YES;
				SDKROOT = iphoneos;
				SWIFT_COMPILATION_MODE = wholemodule;
				SWIFT_OPTIMIZATION_LEVEL = "-O";
				VALIDATE_PRODUCT = YES;
			};
			name = Release;
		};
		50F4E978230F97D50055D95D /* Debug */ = {
			isa = XCBuildConfiguration;
			baseConfigurationReference = F941D340BCDF882F23F3E0BF /* Pods-Fbooking.debug.xcconfig */;
			buildSettings = {
				ASSETCATALOG_COMPILER_APPICON_NAME = AppIcon;
				CODE_SIGN_STYLE = Automatic;
				DEVELOPMENT_TEAM = RCAA4L9GJ4;
				INFOPLIST_FILE = Fbooking/Info.plist;
				LD_RUNPATH_SEARCH_PATHS = (
					"$(inherited)",
					"@executable_path/Frameworks",
				);
				PRODUCT_BUNDLE_IDENTIFIER = com.shjn.Fbooking;
				PRODUCT_NAME = "$(TARGET_NAME)";
				SWIFT_VERSION = 5.0;
				TARGETED_DEVICE_FAMILY = "1,2";
			};
			name = Debug;
		};
		50F4E979230F97D50055D95D /* Release */ = {
			isa = XCBuildConfiguration;
			baseConfigurationReference = 25F179E5AC34A6B096116EDD /* Pods-Fbooking.release.xcconfig */;
			buildSettings = {
				ASSETCATALOG_COMPILER_APPICON_NAME = AppIcon;
				CODE_SIGN_STYLE = Automatic;
				DEVELOPMENT_TEAM = RCAA4L9GJ4;
				INFOPLIST_FILE = Fbooking/Info.plist;
				LD_RUNPATH_SEARCH_PATHS = (
					"$(inherited)",
					"@executable_path/Frameworks",
				);
				PRODUCT_BUNDLE_IDENTIFIER = com.shjn.Fbooking;
				PRODUCT_NAME = "$(TARGET_NAME)";
				SWIFT_VERSION = 5.0;
				TARGETED_DEVICE_FAMILY = "1,2";
			};
			name = Release;
		};
/* End XCBuildConfiguration section */

/* Begin XCConfigurationList section */
		50F4E960230F97D50055D95D /* Build configuration list for PBXProject "Fbooking" */ = {
			isa = XCConfigurationList;
			buildConfigurations = (
				50F4E975230F97D50055D95D /* Debug */,
				50F4E976230F97D50055D95D /* Release */,
			);
			defaultConfigurationIsVisible = 0;
			defaultConfigurationName = Release;
		};
		50F4E977230F97D50055D95D /* Build configuration list for PBXNativeTarget "Fbooking" */ = {
			isa = XCConfigurationList;
			buildConfigurations = (
				50F4E978230F97D50055D95D /* Debug */,
				50F4E979230F97D50055D95D /* Release */,
			);
			defaultConfigurationIsVisible = 0;
			defaultConfigurationName = Release;
		};
/* End XCConfigurationList section */
	};
	rootObject = 50F4E95D230F97D50055D95D /* Project object */;
}
